// !$*UTF8*$!
{
	archiveVersion = 1;
	classes = {
	};
	objectVersion = 55;
	objects = {

/* Begin PBXBuildFile section */
		5AA013FF28E46A0D006EAA2B /* AppDelegate.m in Sources */ = {isa = PBXBuildFile; fileRef = 5AA013FE28E46A0D006EAA2B /* AppDelegate.m */; };
		5AA0140228E46A0D006EAA2B /* SceneDelegate.m in Sources */ = {isa = PBXBuildFile; fileRef = 5AA0140128E46A0D006EAA2B /* SceneDelegate.m */; };
		5AA0140528E46A0D006EAA2B /* ViewController.m in Sources */ = {isa = PBXBuildFile; fileRef = 5AA0140428E46A0D006EAA2B /* ViewController.m */; };
		5AA0140828E46A0D006EAA2B /* Main.storyboard in Resources */ = {isa = PBXBuildFile; fileRef = 5AA0140628E46A0D006EAA2B /* Main.storyboard */; };
		5AA0140A28E46A0F006EAA2B /* Assets.xcassets in Resources */ = {isa = PBXBuildFile; fileRef = 5AA0140928E46A0F006EAA2B /* Assets.xcassets */; };
		5AA0140D28E46A0F006EAA2B /* LaunchScreen.storyboard in Resources */ = {isa = PBXBuildFile; fileRef = 5AA0140B28E46A0F006EAA2B /* LaunchScreen.storyboard */; };
		5AA0141028E46A0F006EAA2B /* main.m in Sources */ = {isa = PBXBuildFile; fileRef = 5AA0140F28E46A0F006EAA2B /* main.m */; };
		5AA0141A28E46A0F006EAA2B /* TheCalculatorTests.m in Sources */ = {isa = PBXBuildFile; fileRef = 5AA0141928E46A0F006EAA2B /* TheCalculatorTests.m */; };
		5AA0142428E46A0F006EAA2B /* TheCalculatorUITests.m in Sources */ = {isa = PBXBuildFile; fileRef = 5AA0142328E46A0F006EAA2B /* TheCalculatorUITests.m */; };
		5AA0142628E46A0F006EAA2B /* TheCalculatorUITestsLaunchTests.m in Sources */ = {isa = PBXBuildFile; fileRef = 5AA0142528E46A0F006EAA2B /* TheCalculatorUITestsLaunchTests.m */; };
		5AA0143828E46C2A006EAA2B /* CalculatorModel.m in Sources */ = {isa = PBXBuildFile; fileRef = 5AA0143728E46C2A006EAA2B /* CalculatorModel.m */; };
		5AA0143B28E46C4C006EAA2B /* CalculatorView.m in Sources */ = {isa = PBXBuildFile; fileRef = 5AA0143A28E46C4C006EAA2B /* CalculatorView.m */; };
		5AA0143E28E46CB6006EAA2B /* CalculatorController.m in Sources */ = {isa = PBXBuildFile; fileRef = 5AA0143D28E46CB6006EAA2B /* CalculatorController.m */; };
		9F5962C4E1915C611D64ECFA /* libPods-TheCalculator.a in Frameworks */ = {isa = PBXBuildFile; fileRef = 950B1BA2F07B1FF380EA6458 /* libPods-TheCalculator.a */; };
/* End PBXBuildFile section */

/* Begin PBXContainerItemProxy section */
		5AA0141628E46A0F006EAA2B /* PBXContainerItemProxy */ = {
			isa = PBXContainerItemProxy;
			containerPortal = 5AA013F228E46A0D006EAA2B /* Project object */;
			proxyType = 1;
			remoteGlobalIDString = 5AA013F928E46A0D006EAA2B;
			remoteInfo = TheCalculator;
		};
		5AA0142028E46A0F006EAA2B /* PBXContainerItemProxy */ = {
			isa = PBXContainerItemProxy;
			containerPortal = 5AA013F228E46A0D006EAA2B /* Project object */;
			proxyType = 1;
			remoteGlobalIDString = 5AA013F928E46A0D006EAA2B;
			remoteInfo = TheCalculator;
		};
/* End PBXContainerItemProxy section */

/* Begin PBXFileReference section */
		0D3FADF0D1B826E290F38067 /* Pods-TheCalculator.debug.xcconfig */ = {isa = PBXFileReference; includeInIndex = 1; lastKnownFileType = text.xcconfig; name = "Pods-TheCalculator.debug.xcconfig"; path = "Target Support Files/Pods-TheCalculator/Pods-TheCalculator.debug.xcconfig"; sourceTree = "<group>"; };
		5AA013FA28E46A0D006EAA2B /* TheCalculator.app */ = {isa = PBXFileReference; explicitFileType = wrapper.application; includeInIndex = 0; path = TheCalculator.app; sourceTree = BUILT_PRODUCTS_DIR; };
		5AA013FD28E46A0D006EAA2B /* AppDelegate.h */ = {isa = PBXFileReference; lastKnownFileType = sourcecode.c.h; path = AppDelegate.h; sourceTree = "<group>"; };
		5AA013FE28E46A0D006EAA2B /* AppDelegate.m */ = {isa = PBXFileReference; lastKnownFileType = sourcecode.c.objc; path = AppDelegate.m; sourceTree = "<group>"; };
		5AA0140028E46A0D006EAA2B /* SceneDelegate.h */ = {isa = PBXFileReference; lastKnownFileType = sourcecode.c.h; path = SceneDelegate.h; sourceTree = "<group>"; };
		5AA0140128E46A0D006EAA2B /* SceneDelegate.m */ = {isa = PBXFileReference; lastKnownFileType = sourcecode.c.objc; path = SceneDelegate.m; sourceTree = "<group>"; };
		5AA0140328E46A0D006EAA2B /* ViewController.h */ = {isa = PBXFileReference; lastKnownFileType = sourcecode.c.h; path = ViewController.h; sourceTree = "<group>"; };
		5AA0140428E46A0D006EAA2B /* ViewController.m */ = {isa = PBXFileReference; lastKnownFileType = sourcecode.c.objc; path = ViewController.m; sourceTree = "<group>"; };
		5AA0140728E46A0D006EAA2B /* Base */ = {isa = PBXFileReference; lastKnownFileType = file.storyboard; name = Base; path = Base.lproj/Main.storyboard; sourceTree = "<group>"; };
		5AA0140928E46A0F006EAA2B /* Assets.xcassets */ = {isa = PBXFileReference; lastKnownFileType = folder.assetcatalog; path = Assets.xcassets; sourceTree = "<group>"; };
		5AA0140C28E46A0F006EAA2B /* Base */ = {isa = PBXFileReference; lastKnownFileType = file.storyboard; name = Base; path = Base.lproj/LaunchScreen.storyboard; sourceTree = "<group>"; };
		5AA0140E28E46A0F006EAA2B /* Info.plist */ = {isa = PBXFileReference; lastKnownFileType = text.plist.xml; path = Info.plist; sourceTree = "<group>"; };
		5AA0140F28E46A0F006EAA2B /* main.m */ = {isa = PBXFileReference; lastKnownFileType = sourcecode.c.objc; path = main.m; sourceTree = "<group>"; };
		5AA0141528E46A0F006EAA2B /* TheCalculatorTests.xctest */ = {isa = PBXFileReference; explicitFileType = wrapper.cfbundle; includeInIndex = 0; path = TheCalculatorTests.xctest; sourceTree = BUILT_PRODUCTS_DIR; };
		5AA0141928E46A0F006EAA2B /* TheCalculatorTests.m */ = {isa = PBXFileReference; lastKnownFileType = sourcecode.c.objc; path = TheCalculatorTests.m; sourceTree = "<group>"; };
		5AA0141F28E46A0F006EAA2B /* TheCalculatorUITests.xctest */ = {isa = PBXFileReference; explicitFileType = wrapper.cfbundle; includeInIndex = 0; path = TheCalculatorUITests.xctest; sourceTree = BUILT_PRODUCTS_DIR; };
		5AA0142328E46A0F006EAA2B /* TheCalculatorUITests.m */ = {isa = PBXFileReference; lastKnownFileType = sourcecode.c.objc; path = TheCalculatorUITests.m; sourceTree = "<group>"; };
		5AA0142528E46A0F006EAA2B /* TheCalculatorUITestsLaunchTests.m */ = {isa = PBXFileReference; lastKnownFileType = sourcecode.c.objc; path = TheCalculatorUITestsLaunchTests.m; sourceTree = "<group>"; };
		5AA0143628E46C2A006EAA2B /* CalculatorModel.h */ = {isa = PBXFileReference; lastKnownFileType = sourcecode.c.h; path = CalculatorModel.h; sourceTree = "<group>"; };
		5AA0143728E46C2A006EAA2B /* CalculatorModel.m */ = {isa = PBXFileReference; lastKnownFileType = sourcecode.c.objc; path = CalculatorModel.m; sourceTree = "<group>"; };
		5AA0143928E46C4C006EAA2B /* CalculatorView.h */ = {isa = PBXFileReference; lastKnownFileType = sourcecode.c.h; path = CalculatorView.h; sourceTree = "<group>"; };
		5AA0143A28E46C4C006EAA2B /* CalculatorView.m */ = {isa = PBXFileReference; lastKnownFileType = sourcecode.c.objc; path = CalculatorView.m; sourceTree = "<group>"; };
		5AA0143C28E46CB6006EAA2B /* CalculatorController.h */ = {isa = PBXFileReference; lastKnownFileType = sourcecode.c.h; path = CalculatorController.h; sourceTree = "<group>"; };
		5AA0143D28E46CB6006EAA2B /* CalculatorController.m */ = {isa = PBXFileReference; lastKnownFileType = sourcecode.c.objc; path = CalculatorController.m; sourceTree = "<group>"; };
		933F176A7D021742E7FBB3A8 /* Pods-TheCalculator.release.xcconfig */ = {isa = PBXFileReference; includeInIndex = 1; lastKnownFileType = text.xcconfig; name = "Pods-TheCalculator.release.xcconfig"; path = "Target Support Files/Pods-TheCalculator/Pods-TheCalculator.release.xcconfig"; sourceTree = "<group>"; };
		950B1BA2F07B1FF380EA6458 /* libPods-TheCalculator.a */ = {isa = PBXFileReference; explicitFileType = archive.ar; includeInIndex = 0; path = "libPods-TheCalculator.a"; sourceTree = BUILT_PRODUCTS_DIR; };
/* End PBXFileReference section */

/* Begin PBXFrameworksBuildPhase section */
		5AA013F728E46A0D006EAA2B /* Frameworks */ = {
			isa = PBXFrameworksBuildPhase;
			buildActionMask = 2147483647;
			files = (
				9F5962C4E1915C611D64ECFA /* libPods-TheCalculator.a in Frameworks */,
			);
			runOnlyForDeploymentPostprocessing = 0;
		};
		5AA0141228E46A0F006EAA2B /* Frameworks */ = {
			isa = PBXFrameworksBuildPhase;
			buildActionMask = 2147483647;
			files = (
			);
			runOnlyForDeploymentPostprocessing = 0;
		};
		5AA0141C28E46A0F006EAA2B /* Frameworks */ = {
			isa = PBXFrameworksBuildPhase;
			buildActionMask = 2147483647;
			files = (
			);
			runOnlyForDeploymentPostprocessing = 0;
		};
/* End PBXFrameworksBuildPhase section */

/* Begin PBXGroup section */
		5AA013F128E46A0D006EAA2B = {
			isa = PBXGroup;
			children = (
				5AA0143228E46BB6006EAA2B /* MVC */,
				5AA013FC28E46A0D006EAA2B /* TheCalculator */,
				5AA0141828E46A0F006EAA2B /* TheCalculatorTests */,
				5AA0142228E46A0F006EAA2B /* TheCalculatorUITests */,
				5AA013FB28E46A0D006EAA2B /* Products */,
				87F52851E4A355D3FBB6AABB /* Pods */,
				DBB21BF684AC35ECC064037F /* Frameworks */,
			);
			sourceTree = "<group>";
		};
		5AA013FB28E46A0D006EAA2B /* Products */ = {
			isa = PBXGroup;
			children = (
				5AA013FA28E46A0D006EAA2B /* TheCalculator.app */,
				5AA0141528E46A0F006EAA2B /* TheCalculatorTests.xctest */,
				5AA0141F28E46A0F006EAA2B /* TheCalculatorUITests.xctest */,
			);
			name = Products;
			sourceTree = "<group>";
		};
		5AA013FC28E46A0D006EAA2B /* TheCalculator */ = {
			isa = PBXGroup;
			children = (
				5AA013FD28E46A0D006EAA2B /* AppDelegate.h */,
				5AA013FE28E46A0D006EAA2B /* AppDelegate.m */,
				5AA0140028E46A0D006EAA2B /* SceneDelegate.h */,
				5AA0140128E46A0D006EAA2B /* SceneDelegate.m */,
				5AA0140328E46A0D006EAA2B /* ViewController.h */,
				5AA0140428E46A0D006EAA2B /* ViewController.m */,
				5AA0140628E46A0D006EAA2B /* Main.storyboard */,
				5AA0140928E46A0F006EAA2B /* Assets.xcassets */,
				5AA0140B28E46A0F006EAA2B /* LaunchScreen.storyboard */,
				5AA0140E28E46A0F006EAA2B /* Info.plist */,
				5AA0140F28E46A0F006EAA2B /* main.m */,
			);
			path = TheCalculator;
			sourceTree = "<group>";
		};
		5AA0141828E46A0F006EAA2B /* TheCalculatorTests */ = {
			isa = PBXGroup;
			children = (
				5AA0141928E46A0F006EAA2B /* TheCalculatorTests.m */,
			);
			path = TheCalculatorTests;
			sourceTree = "<group>";
		};
		5AA0142228E46A0F006EAA2B /* TheCalculatorUITests */ = {
			isa = PBXGroup;
			children = (
				5AA0142328E46A0F006EAA2B /* TheCalculatorUITests.m */,
				5AA0142528E46A0F006EAA2B /* TheCalculatorUITestsLaunchTests.m */,
			);
			path = TheCalculatorUITests;
			sourceTree = "<group>";
		};
		5AA0143228E46BB6006EAA2B /* MVC */ = {
			isa = PBXGroup;
			children = (
				5AA0143328E46BE6006EAA2B /* M */,
				5AA0143428E46BED006EAA2B /* V */,
				5AA0143528E46BF3006EAA2B /* C */,
			);
			path = MVC;
			sourceTree = "<group>";
		};
		5AA0143328E46BE6006EAA2B /* M */ = {
			isa = PBXGroup;
			children = (
				5AA0143628E46C2A006EAA2B /* CalculatorModel.h */,
				5AA0143728E46C2A006EAA2B /* CalculatorModel.m */,
			);
			path = M;
			sourceTree = "<group>";
		};
		5AA0143428E46BED006EAA2B /* V */ = {
			isa = PBXGroup;
			children = (
				5AA0143928E46C4C006EAA2B /* CalculatorView.h */,
				5AA0143A28E46C4C006EAA2B /* CalculatorView.m */,
			);
			path = V;
			sourceTree = "<group>";
		};
		5AA0143528E46BF3006EAA2B /* C */ = {
			isa = PBXGroup;
			children = (
				5AA0143C28E46CB6006EAA2B /* CalculatorController.h */,
				5AA0143D28E46CB6006EAA2B /* CalculatorController.m */,
			);
			path = C;
			sourceTree = "<group>";
		};
		87F52851E4A355D3FBB6AABB /* Pods */ = {
			isa = PBXGroup;
			children = (
				0D3FADF0D1B826E290F38067 /* Pods-TheCalculator.debug.xcconfig */,
				933F176A7D021742E7FBB3A8 /* Pods-TheCalculator.release.xcconfig */,
			);
			path = Pods;
			sourceTree = "<group>";
		};
		DBB21BF684AC35ECC064037F /* Frameworks */ = {
			isa = PBXGroup;
			children = (
				950B1BA2F07B1FF380EA6458 /* libPods-TheCalculator.a */,
			);
			name = Frameworks;
			sourceTree = "<group>";
		};
/* End PBXGroup section */

/* Begin PBXNativeTarget section */
		5AA013F928E46A0D006EAA2B /* TheCalculator */ = {
			isa = PBXNativeTarget;
			buildConfigurationList = 5AA0142928E46A0F006EAA2B /* Build configuration list for PBXNativeTarget "TheCalculator" */;
			buildPhases = (
				AC1A3F24885ECAB48E2995D4 /* [CP] Check Pods Manifest.lock */,
				5AA013F628E46A0D006EAA2B /* Sources */,
				5AA013F728E46A0D006EAA2B /* Frameworks */,
				5AA013F828E46A0D006EAA2B /* Resources */,
			);
			buildRules = (
			);
			dependencies = (
			);
			name = TheCalculator;
			productName = TheCalculator;
			productReference = 5AA013FA28E46A0D006EAA2B /* TheCalculator.app */;
			productType = "com.apple.product-type.application";
		};
		5AA0141428E46A0F006EAA2B /* TheCalculatorTests */ = {
			isa = PBXNativeTarget;
			buildConfigurationList = 5AA0142C28E46A0F006EAA2B /* Build configuration list for PBXNativeTarget "TheCalculatorTests" */;
			buildPhases = (
				5AA0141128E46A0F006EAA2B /* Sources */,
				5AA0141228E46A0F006EAA2B /* Frameworks */,
				5AA0141328E46A0F006EAA2B /* Resources */,
			);
			buildRules = (
			);
			dependencies = (
				5AA0141728E46A0F006EAA2B /* PBXTargetDependency */,
			);
			name = TheCalculatorTests;
			productName = TheCalculatorTests;
			productReference = 5AA0141528E46A0F006EAA2B /* TheCalculatorTests.xctest */;
			productType = "com.apple.product-type.bundle.unit-test";
		};
		5AA0141E28E46A0F006EAA2B /* TheCalculatorUITests */ = {
			isa = PBXNativeTarget;
			buildConfigurationList = 5AA0142F28E46A0F006EAA2B /* Build configuration list for PBXNativeTarget "TheCalculatorUITests" */;
			buildPhases = (
				5AA0141B28E46A0F006EAA2B /* Sources */,
				5AA0141C28E46A0F006EAA2B /* Frameworks */,
				5AA0141D28E46A0F006EAA2B /* Resources */,
			);
			buildRules = (
			);
			dependencies = (
				5AA0142128E46A0F006EAA2B /* PBXTargetDependency */,
			);
			name = TheCalculatorUITests;
			productName = TheCalculatorUITests;
			productReference = 5AA0141F28E46A0F006EAA2B /* TheCalculatorUITests.xctest */;
			productType = "com.apple.product-type.bundle.ui-testing";
		};
/* End PBXNativeTarget section */

/* Begin PBXProject section */
		5AA013F228E46A0D006EAA2B /* Project object */ = {
			isa = PBXProject;
			attributes = {
				BuildIndependentTargetsInParallel = 1;
				LastUpgradeCheck = 1340;
				TargetAttributes = {
					5AA013F928E46A0D006EAA2B = {
						CreatedOnToolsVersion = 13.4.1;
					};
					5AA0141428E46A0F006EAA2B = {
						CreatedOnToolsVersion = 13.4.1;
						TestTargetID = 5AA013F928E46A0D006EAA2B;
					};
					5AA0141E28E46A0F006EAA2B = {
						CreatedOnToolsVersion = 13.4.1;
						TestTargetID = 5AA013F928E46A0D006EAA2B;
					};
				};
			};
			buildConfigurationList = 5AA013F528E46A0D006EAA2B /* Build configuration list for PBXProject "TheCalculator" */;
			compatibilityVersion = "Xcode 13.0";
			developmentRegion = en;
			hasScannedForEncodings = 0;
			knownRegions = (
				en,
				Base,
			);
			mainGroup = 5AA013F128E46A0D006EAA2B;
			productRefGroup = 5AA013FB28E46A0D006EAA2B /* Products */;
			projectDirPath = "";
			projectRoot = "";
			targets = (
				5AA013F928E46A0D006EAA2B /* TheCalculator */,
				5AA0141428E46A0F006EAA2B /* TheCalculatorTests */,
				5AA0141E28E46A0F006EAA2B /* TheCalculatorUITests */,
			);
		};
/* End PBXProject section */

/* Begin PBXResourcesBuildPhase section */
		5AA013F828E46A0D006EAA2B /* Resources */ = {
			isa = PBXResourcesBuildPhase;
			buildActionMask = 2147483647;
			files = (
				5AA0140D28E46A0F006EAA2B /* LaunchScreen.storyboard in Resources */,
				5AA0140A28E46A0F006EAA2B /* Assets.xcassets in Resources */,
				5AA0140828E46A0D006EAA2B /* Main.storyboard in Resources */,
			);
			runOnlyForDeploymentPostprocessing = 0;
		};
		5AA0141328E46A0F006EAA2B /* Resources */ = {
			isa = PBXResourcesBuildPhase;
			buildActionMask = 2147483647;
			files = (
			);
			runOnlyForDeploymentPostprocessing = 0;
		};
		5AA0141D28E46A0F006EAA2B /* Resources */ = {
			isa = PBXResourcesBuildPhase;
			buildActionMask = 2147483647;
			files = (
			);
			runOnlyForDeploymentPostprocessing = 0;
		};
/* End PBXResourcesBuildPhase section */

/* Begin PBXShellScriptBuildPhase section */
		AC1A3F24885ECAB48E2995D4 /* [CP] Check Pods Manifest.lock */ = {
			isa = PBXShellScriptBuildPhase;
			buildActionMask = 2147483647;
			files = (
			);
			inputFileListPaths = (
			);
			inputPaths = (
				"${PODS_PODFILE_DIR_PATH}/Podfile.lock",
				"${PODS_ROOT}/Manifest.lock",
			);
			name = "[CP] Check Pods Manifest.lock";
			outputFileListPaths = (
			);
			outputPaths = (
				"$(DERIVED_FILE_DIR)/Pods-TheCalculator-checkManifestLockResult.txt",
			);
			runOnlyForDeploymentPostprocessing = 0;
			shellPath = /bin/sh;
			shellScript = "diff \"${PODS_PODFILE_DIR_PATH}/Podfile.lock\" \"${PODS_ROOT}/Manifest.lock\" > /dev/null\nif [ $? != 0 ] ; then\n    # print error to STDERR\n    echo \"error: The sandbox is not in sync with the Podfile.lock. Run 'pod install' or update your CocoaPods installation.\" >&2\n    exit 1\nfi\n# This output is used by Xcode 'outputs' to avoid re-running this script phase.\necho \"SUCCESS\" > \"${SCRIPT_OUTPUT_FILE_0}\"\n";
			showEnvVarsInLog = 0;
		};
/* End PBXShellScriptBuildPhase section */

/* Begin PBXSourcesBuildPhase section */
		5AA013F628E46A0D006EAA2B /* Sources */ = {
			isa = PBXSourcesBuildPhase;
			buildActionMask = 2147483647;
			files = (
				5AA0143E28E46CB6006EAA2B /* CalculatorController.m in Sources */,
				5AA0140528E46A0D006EAA2B /* ViewController.m in Sources */,
				5AA013FF28E46A0D006EAA2B /* AppDelegate.m in Sources */,
				5AA0143B28E46C4C006EAA2B /* CalculatorView.m in Sources */,
				5AA0141028E46A0F006EAA2B /* main.m in Sources */,
				5AA0143828E46C2A006EAA2B /* CalculatorModel.m in Sources */,
				5AA0140228E46A0D006EAA2B /* SceneDelegate.m in Sources */,
			);
			runOnlyForDeploymentPostprocessing = 0;
		};
		5AA0141128E46A0F006EAA2B /* Sources */ = {
			isa = PBXSourcesBuildPhase;
			buildActionMask = 2147483647;
			files = (
				5AA0141A28E46A0F006EAA2B /* TheCalculatorTests.m in Sources */,
			);
			runOnlyForDeploymentPostprocessing = 0;
		};
		5AA0141B28E46A0F006EAA2B /* Sources */ = {
			isa = PBXSourcesBuildPhase;
			buildActionMask = 2147483647;
			files = (
				5AA0142628E46A0F006EAA2B /* TheCalculatorUITestsLaunchTests.m in Sources */,
				5AA0142428E46A0F006EAA2B /* TheCalculatorUITests.m in Sources */,
			);
			runOnlyForDeploymentPostprocessing = 0;
		};
/* End PBXSourcesBuildPhase section */

/* Begin PBXTargetDependency section */
		5AA0141728E46A0F006EAA2B /* PBXTargetDependency */ = {
			isa = PBXTargetDependency;
			target = 5AA013F928E46A0D006EAA2B /* TheCalculator */;
			targetProxy = 5AA0141628E46A0F006EAA2B /* PBXContainerItemProxy */;
		};
		5AA0142128E46A0F006EAA2B /* PBXTargetDependency */ = {
			isa = PBXTargetDependency;
			target = 5AA013F928E46A0D006EAA2B /* TheCalculator */;
			targetProxy = 5AA0142028E46A0F006EAA2B /* PBXContainerItemProxy */;
		};
/* End PBXTargetDependency section */

/* Begin PBXVariantGroup section */
		5AA0140628E46A0D006EAA2B /* Main.storyboard */ = {
			isa = PBXVariantGroup;
			children = (
				5AA0140728E46A0D006EAA2B /* Base */,
			);
			name = Main.storyboard;
			sourceTree = "<group>";
		};
		5AA0140B28E46A0F006EAA2B /* LaunchScreen.storyboard */ = {
			isa = PBXVariantGroup;
			children = (
				5AA0140C28E46A0F006EAA2B /* Base */,
			);
			name = LaunchScreen.storyboard;
			sourceTree = "<group>";
		};
/* End PBXVariantGroup section */

/* Begin XCBuildConfiguration section */
		5AA0142728E46A0F006EAA2B /* Debug */ = {
			isa = XCBuildConfiguration;
			buildSettings = {
				ALWAYS_SEARCH_USER_PATHS = NO;
				CLANG_ANALYZER_NONNULL = YES;
				CLANG_ANALYZER_NUMBER_OBJECT_CONVERSION = YES_AGGRESSIVE;
				CLANG_CXX_LANGUAGE_STANDARD = "gnu++17";
				CLANG_ENABLE_MODULES = YES;
				CLANG_ENABLE_OBJC_ARC = YES;
				CLANG_ENABLE_OBJC_WEAK = YES;
				CLANG_WARN_BLOCK_CAPTURE_AUTORELEASING = YES;
				CLANG_WARN_BOOL_CONVERSION = YES;
				CLANG_WARN_COMMA = YES;
				CLANG_WARN_CONSTANT_CONVERSION = YES;
				CLANG_WARN_DEPRECATED_OBJC_IMPLEMENTATIONS = YES;
				CLANG_WARN_DIRECT_OBJC_ISA_USAGE = YES_ERROR;
				CLANG_WARN_DOCUMENTATION_COMMENTS = YES;
				CLANG_WARN_EMPTY_BODY = YES;
				CLANG_WARN_ENUM_CONVERSION = YES;
				CLANG_WARN_INFINITE_RECURSION = YES;
				CLANG_WARN_INT_CONVERSION = YES;
				CLANG_WARN_NON_LITERAL_NULL_CONVERSION = YES;
				CLANG_WARN_OBJC_IMPLICIT_RETAIN_SELF = YES;
				CLANG_WARN_OBJC_LITERAL_CONVERSION = YES;
				CLANG_WARN_OBJC_ROOT_CLASS = YES_ERROR;
				CLANG_WARN_QUOTED_INCLUDE_IN_FRAMEWORK_HEADER = YES;
				CLANG_WARN_RANGE_LOOP_ANALYSIS = YES;
				CLANG_WARN_STRICT_PROTOTYPES = YES;
				CLANG_WARN_SUSPICIOUS_MOVE = YES;
				CLANG_WARN_UNGUARDED_AVAILABILITY = YES_AGGRESSIVE;
				CLANG_WARN_UNREACHABLE_CODE = YES;
				CLANG_WARN__DUPLICATE_METHOD_MATCH = YES;
				COPY_PHASE_STRIP = NO;
				DEBUG_INFORMATION_FORMAT = dwarf;
				ENABLE_STRICT_OBJC_MSGSEND = YES;
				ENABLE_TESTABILITY = YES;
				GCC_C_LANGUAGE_STANDARD = gnu11;
				GCC_DYNAMIC_NO_PIC = NO;
				GCC_NO_COMMON_BLOCKS = YES;
				GCC_OPTIMIZATION_LEVEL = 0;
				GCC_PREPROCESSOR_DEFINITIONS = (
					"DEBUG=1",
					"$(inherited)",
				);
				GCC_WARN_64_TO_32_BIT_CONVERSION = YES;
				GCC_WARN_ABOUT_RETURN_TYPE = YES_ERROR;
				GCC_WARN_UNDECLARED_SELECTOR = YES;
				GCC_WARN_UNINITIALIZED_AUTOS = YES_AGGRESSIVE;
				GCC_WARN_UNUSED_FUNCTION = YES;
				GCC_WARN_UNUSED_VARIABLE = YES;
				IPHONEOS_DEPLOYMENT_TARGET = 15.5;
				MTL_ENABLE_DEBUG_INFO = INCLUDE_SOURCE;
				MTL_FAST_MATH = YES;
				ONLY_ACTIVE_ARCH = YES;
				SDKROOT = iphoneos;
			};
			name = Debug;
		};
		5AA0142828E46A0F006EAA2B /* Release */ = {
			isa = XCBuildConfiguration;
			buildSettings = {
				ALWAYS_SEARCH_USER_PATHS = NO;
				CLANG_ANALYZER_NONNULL = YES;
				CLANG_ANALYZER_NUMBER_OBJECT_CONVERSION = YES_AGGRESSIVE;
				CLANG_CXX_LANGUAGE_STANDARD = "gnu++17";
				CLANG_ENABLE_MODULES = YES;
				CLANG_ENABLE_OBJC_ARC = YES;
				CLANG_ENABLE_OBJC_WEAK = YES;
				CLANG_WARN_BLOCK_CAPTURE_AUTORELEASING = YES;
				CLANG_WARN_BOOL_CONVERSION = YES;
				CLANG_WARN_COMMA = YES;
				CLANG_WARN_CONSTANT_CONVERSION = YES;
				CLANG_WARN_DEPRECATED_OBJC_IMPLEMENTATIONS = YES;
				CLANG_WARN_DIRECT_OBJC_ISA_USAGE = YES_ERROR;
				CLANG_WARN_DOCUMENTATION_COMMENTS = YES;
				CLANG_WARN_EMPTY_BODY = YES;
				CLANG_WARN_ENUM_CONVERSION = YES;
				CLANG_WARN_INFINITE_RECURSION = YES;
				CLANG_WARN_INT_CONVERSION = YES;
				CLANG_WARN_NON_LITERAL_NULL_CONVERSION = YES;
				CLANG_WARN_OBJC_IMPLICIT_RETAIN_SELF = YES;
				CLANG_WARN_OBJC_LITERAL_CONVERSION = YES;
				CLANG_WARN_OBJC_ROOT_CLASS = YES_ERROR;
				CLANG_WARN_QUOTED_INCLUDE_IN_FRAMEWORK_HEADER = YES;
				CLANG_WARN_RANGE_LOOP_ANALYSIS = YES;
				CLANG_WARN_STRICT_PROTOTYPES = YES;
				CLANG_WARN_SUSPICIOUS_MOVE = YES;
				CLANG_WARN_UNGUARDED_AVAILABILITY = YES_AGGRESSIVE;
				CLANG_WARN_UNREACHABLE_CODE = YES;
				CLANG_WARN__DUPLICATE_METHOD_MATCH = YES;
				COPY_PHASE_STRIP = NO;
				DEBUG_INFORMATION_FORMAT = "dwarf-with-dsym";
				ENABLE_NS_ASSERTIONS = NO;
				ENABLE_STRICT_OBJC_MSGSEND = YES;
				GCC_C_LANGUAGE_STANDARD = gnu11;
				GCC_NO_COMMON_BLOCKS = YES;
				GCC_WARN_64_TO_32_BIT_CONVERSION = YES;
				GCC_WARN_ABOUT_RETURN_TYPE = YES_ERROR;
				GCC_WARN_UNDECLARED_SELECTOR = YES;
				GCC_WARN_UNINITIALIZED_AUTOS = YES_AGGRESSIVE;
				GCC_WARN_UNUSED_FUNCTION = YES;
				GCC_WARN_UNUSED_VARIABLE = YES;
				IPHONEOS_DEPLOYMENT_TARGET = 15.5;
				MTL_ENABLE_DEBUG_INFO = NO;
				MTL_FAST_MATH = YES;
				SDKROOT = iphoneos;
				VALIDATE_PRODUCT = YES;
			};
			name = Release;
		};
		5AA0142A28E46A0F006EAA2B /* Debug */ = {
			isa = XCBuildConfiguration;
			baseConfigurationReference = 0D3FADF0D1B826E290F38067 /* Pods-TheCalculator.debug.xcconfig */;
			buildSettings = {
				ASSETCATALOG_COMPILER_APPICON_NAME = AppIcon;
				ASSETCATALOG_COMPILER_GLOBAL_ACCENT_COLOR_NAME = AccentColor;
				CODE_SIGN_STYLE = Automatic;
				CURRENT_PROJECT_VERSION = 1;
				DEVELOPMENT_TEAM = 9G62C73G5P;
				GENERATE_INFOPLIST_FILE = YES;
				INFOPLIST_FILE = TheCalculator/Info.plist;
				INFOPLIST_KEY_UIApplicationSupportsIndirectInputEvents = YES;
				INFOPLIST_KEY_UILaunchStoryboardName = LaunchScreen;
				INFOPLIST_KEY_UIMainStoryboardFile = Main;
				INFOPLIST_KEY_UISupportedInterfaceOrientations_iPad = "UIInterfaceOrientationPortrait UIInterfaceOrientationPortraitUpsideDown UIInterfaceOrientationLandscapeLeft UIInterfaceOrientationLandscapeRight";
				INFOPLIST_KEY_UISupportedInterfaceOrientations_iPhone = "UIInterfaceOrientationPortrait UIInterfaceOrientationLandscapeLeft UIInterfaceOrientationLandscapeRight";
				LD_RUNPATH_SEARCH_PATHS = (
					"$(inherited)",
					"@executable_path/Frameworks",
				);
				MARKETING_VERSION = 1.0;
				PRODUCT_BUNDLE_IDENTIFIER = xiyou3G.TheCalculator;
				PRODUCT_NAME = "$(TARGET_NAME)";
				SWIFT_EMIT_LOC_STRINGS = YES;
				TARGETED_DEVICE_FAMILY = "1,2";
			};
			name = Debug;
		};
		5AA0142B28E46A0F006EAA2B /* Release */ = {
			isa = XCBuildConfiguration;
			baseConfigurationReference = 933F176A7D021742E7FBB3A8 /* Pods-TheCalculator.release.xcconfig */;
			buildSettings = {
				ASSETCATALOG_COMPILER_APPICON_NAME = AppIcon;
				ASSETCATALOG_COMPILER_GLOBAL_ACCENT_COLOR_NAME = AccentColor;
				CODE_SIGN_STYLE = Automatic;
				CURRENT_PROJECT_VERSION = 1;
				DEVELOPMENT_TEAM = 9G62C73G5P;
				GENERATE_INFOPLIST_FILE = YES;
				INFOPLIST_FILE = TheCalculator/Info.plist;
				INFOPLIST_KEY_UIApplicationSupportsIndirectInputEvents = YES;
				INFOPLIST_KEY_UILaunchStoryboardName = LaunchScreen;
				INFOPLIST_KEY_UIMainStoryboardFile = Main;
				INFOPLIST_KEY_UISupportedInterfaceOrientations_iPad = "UIInterfaceOrientationPortrait UIInterfaceOrientationPortraitUpsideDown UIInterfaceOrientationLandscapeLeft UIInterfaceOrientationLandscapeRight";
				INFOPLIST_KEY_UISupportedInterfaceOrientations_iPhone = "UIInterfaceOrientationPortrait UIInterfaceOrientationLandscapeLeft UIInterfaceOrientationLandscapeRight";
				LD_RUNPATH_SEARCH_PATHS = (
					"$(inherited)",
					"@executable_path/Frameworks",
				);
				MARKETING_VERSION = 1.0;
				PRODUCT_BUNDLE_IDENTIFIER = xiyou3G.TheCalculator;
				PRODUCT_NAME = "$(TARGET_NAME)";
				SWIFT_EMIT_LOC_STRINGS = YES;
				TARGETED_DEVICE_FAMILY = "1,2";
			};
			name = Release;
		};
		5AA0142D28E46A0F006EAA2B /* Debug */ = {
			isa = XCBuildConfiguration;
			buildSettings = {
				BUNDLE_LOADER = "$(TEST_HOST)";
				CODE_SIGN_STYLE = Automatic;
				CURRENT_PROJECT_VERSION = 1;
				DEVELOPMENT_TEAM = 9G62C73G5P;
				GENERATE_INFOPLIST_FILE = YES;
				IPHONEOS_DEPLOYMENT_TARGET = 15.5;
				MARKETING_VERSION = 1.0;
				PRODUCT_BUNDLE_IDENTIFIER = xiyou3G.TheCalculatorTests;
				PRODUCT_NAME = "$(TARGET_NAME)";
				SWIFT_EMIT_LOC_STRINGS = NO;
				TARGETED_DEVICE_FAMILY = "1,2";
				TEST_HOST = "$(BUILT_PRODUCTS_DIR)/TheCalculator.app/TheCalculator";
			};
			name = Debug;
		};
		5AA0142E28E46A0F006EAA2B /* Release */ = {
			isa = XCBuildConfiguration;
			buildSettings = {
				BUNDLE_LOADER = "$(TEST_HOST)";
				CODE_SIGN_STYLE = Automatic;
				CURRENT_PROJECT_VERSION = 1;
				DEVELOPMENT_TEAM = 9G62C73G5P;
				GENERATE_INFOPLIST_FILE = YES;
				IPHONEOS_DEPLOYMENT_TARGET = 15.5;
				MARKETING_VERSION = 1.0;
				PRODUCT_BUNDLE_IDENTIFIER = xiyou3G.TheCalculatorTests;
				PRODUCT_NAME = "$(TARGET_NAME)";
				SWIFT_EMIT_LOC_STRINGS = NO;
				TARGETED_DEVICE_FAMILY = "1,2";
				TEST_HOST = "$(BUILT_PRODUCTS_DIR)/TheCalculator.app/TheCalculator";
			};
			name = Release;
		};
		5AA0143028E46A0F006EAA2B /* Debug */ = {
			isa = XCBuildConfiguration;
			buildSettings = {
				CODE_SIGN_STYLE = Automatic;
				CURRENT_PROJECT_VERSION = 1;
				DEVELOPMENT_TEAM = 9G62C73G5P;
				GENERATE_INFOPLIST_FILE = YES;
				MARKETING_VERSION = 1.0;
				PRODUCT_BUNDLE_IDENTIFIER = xiyou3G.TheCalculatorUITests;
				PRODUCT_NAME = "$(TARGET_NAME)";
				SWIFT_EMIT_LOC_STRINGS = NO;
				TARGETED_DEVICE_FAMILY = "1,2";
				TEST_TARGET_NAME = TheCalculator;
			};
			name = Debug;
		};
		5AA0143128E46A0F006EAA2B /* Release */ = {
			isa = XCBuildConfiguration;
			buildSettings = {
				CODE_SIGN_STYLE = Automatic;
				CURRENT_PROJECT_VERSION = 1;
				DEVELOPMENT_TEAM = 9G62C73G5P;
				GENERATE_INFOPLIST_FILE = YES;
				MARKETING_VERSION = 1.0;
				PRODUCT_BUNDLE_IDENTIFIER = xiyou3G.TheCalculatorUITests;
				PRODUCT_NAME = "$(TARGET_NAME)";
				SWIFT_EMIT_LOC_STRINGS = NO;
				TARGETED_DEVICE_FAMILY = "1,2";
				TEST_TARGET_NAME = TheCalculator;
			};
			name = Release;
		};
/* End XCBuildConfiguration section */

/* Begin XCConfigurationList section */
		5AA013F528E46A0D006EAA2B /* Build configuration list for PBXProject "TheCalculator" */ = {
			isa = XCConfigurationList;
			buildConfigurations = (
				5AA0142728E46A0F006EAA2B /* Debug */,
				5AA0142828E46A0F006EAA2B /* Release */,
			);
			defaultConfigurationIsVisible = 0;
			defaultConfigurationName = Release;
		};
		5AA0142928E46A0F006EAA2B /* Build configuration list for PBXNativeTarget "TheCalculator" */ = {
			isa = XCConfigurationList;
			buildConfigurations = (
				5AA0142A28E46A0F006EAA2B /* Debug */,
				5AA0142B28E46A0F006EAA2B /* Release */,
			);
			defaultConfigurationIsVisible = 0;
			defaultConfigurationName = Release;
		};
		5AA0142C28E46A0F006EAA2B /* Build configuration list for PBXNativeTarget "TheCalculatorTests" */ = {
			isa = XCConfigurationList;
			buildConfigurations = (
				5AA0142D28E46A0F006EAA2B /* Debug */,
				5AA0142E28E46A0F006EAA2B /* Release */,
			);
			defaultConfigurationIsVisible = 0;
			defaultConfigurationName = Release;
		};
		5AA0142F28E46A0F006EAA2B /* Build configuration list for PBXNativeTarget "TheCalculatorUITests" */ = {
			isa = XCConfigurationList;
			buildConfigurations = (
				5AA0143028E46A0F006EAA2B /* Debug */,
				5AA0143128E46A0F006EAA2B /* Release */,
			);
			defaultConfigurationIsVisible = 0;
			defaultConfigurationName = Release;
		};
/* End XCConfigurationList section */
	};
	rootObject = 5AA013F228E46A0D006EAA2B /* Project object */;
}
